
Microsoft Visual Studio Solution File, Format Version 12.00
# Visual Studio Version 17
VisualStudioVersion = 17.4.33213.308
MinimumVisualStudioVersion = 10.0.40219.1
Project("{FAE04EC0-301F-11D3-BF4B-00C04F79EFBC}") = "TimeOpdracht", "TimeOpdracht\TimeOpdracht.csproj", "{A3995BBA-E9AB-4469-9D94-17C7F28EDF3F}"
EndProject
Global
	GlobalSection(SolutionConfigurationPlatforms) = preSolution
		Debug|Any CPU = Debug|Any CPU
		Release|Any CPU = Release|Any CPU
	EndGlobalSection
	GlobalSection(ProjectConfigurationPlatforms) = postSolution
		{A3995BBA-E9AB-4469-9D94-17C7F28EDF3F}.Debug|Any CPU.ActiveCfg = Debug|Any CPU
		{A3995BBA-E9AB-4469-9D94-17C7F28EDF3F}.Debug|Any CPU.Build.0 = Debug|Any CPU
		{A3995BBA-E9AB-4469-9D94-17C7F28EDF3F}.Release|Any CPU.ActiveCfg = Release|Any CPU
		{A3995BBA-E9AB-4469-9D94-17C7F28EDF3F}.Release|Any CPU.Build.0 = Release|Any CPU
	EndGlobalSection
	GlobalSection(SolutionProperties) = preSolution
		HideSolutionNode = FALSE
	EndGlobalSection
	GlobalSection(ExtensibilityGlobals) = postSolution
		SolutionGuid = {4C76DDAB-4C39-4F95-82F4-A3B739C36AA4}
	EndGlobalSection
EndGlobal
